
Microsoft Visual Studio Solution File, Format Version 12.00
# Visual Studio Version 17
VisualStudioVersion = 17.1.32421.90
MinimumVisualStudioVersion = 10.0.40219.1
Project("{9A19103F-16F7-4668-BE54-9A1E7A4F7556}") = "AplicacionAxendaTrimestre2_Wendel", "AplicacionAxendaTrimestre2_Wendel\AplicacionAxendaTrimestre2_Wendel.csproj", "{B7B1CE51-F524-4783-91E0-82ABAE8FB404}"
EndProject
Project("{9A19103F-16F7-4668-BE54-9A1E7A4F7556}") = "RelojWendel", "RelojWendel\RelojWendel.csproj", "{6CD99DD0-4AD8-47B4-858B-90EF3294DA37}"
EndProject
Project("{9A19103F-16F7-4668-BE54-9A1E7A4F7556}") = "TestUnitarios", "TestUnitarios\TestUnitarios.csproj", "{5CCDA9E3-E470-4A23-87DF-AE383D23B5ED}"
EndProject
Project("{54435603-DBB4-11D2-8724-00A0C9A8B90C}") = "Instalador", "Instalador\Instalador.vdproj", "{2D5BD1A9-7F57-4F86-BEB0-30311DFFF52A}"
EndProject
Project("{54435603-DBB4-11D2-8724-00A0C9A8B90C}") = "InstaladorAgenda", "InstaladorAgenda\InstaladorAgenda.vdproj", "{B74481A4-7DAE-441C-A6DD-AE0891AA8709}"
EndProject
Global
	GlobalSection(SolutionConfigurationPlatforms) = preSolution
		Debug|Any CPU = Debug|Any CPU
		Release|Any CPU = Release|Any CPU
	EndGlobalSection
	GlobalSection(ProjectConfigurationPlatforms) = postSolution
		{B7B1CE51-F524-4783-91E0-82ABAE8FB404}.Debug|Any CPU.ActiveCfg = Debug|Any CPU
		{B7B1CE51-F524-4783-91E0-82ABAE8FB404}.Debug|Any CPU.Build.0 = Debug|Any CPU
		{B7B1CE51-F524-4783-91E0-82ABAE8FB404}.Release|Any CPU.ActiveCfg = Release|Any CPU
		{B7B1CE51-F524-4783-91E0-82ABAE8FB404}.Release|Any CPU.Build.0 = Release|Any CPU
		{6CD99DD0-4AD8-47B4-858B-90EF3294DA37}.Debug|Any CPU.ActiveCfg = Debug|Any CPU
		{6CD99DD0-4AD8-47B4-858B-90EF3294DA37}.Debug|Any CPU.Build.0 = Debug|Any CPU
		{6CD99DD0-4AD8-47B4-858B-90EF3294DA37}.Release|Any CPU.ActiveCfg = Release|Any CPU
		{6CD99DD0-4AD8-47B4-858B-90EF3294DA37}.Release|Any CPU.Build.0 = Release|Any CPU
		{5CCDA9E3-E470-4A23-87DF-AE383D23B5ED}.Debug|Any CPU.ActiveCfg = Debug|Any CPU
		{5CCDA9E3-E470-4A23-87DF-AE383D23B5ED}.Debug|Any CPU.Build.0 = Debug|Any CPU
		{5CCDA9E3-E470-4A23-87DF-AE383D23B5ED}.Release|Any CPU.ActiveCfg = Release|Any CPU
		{5CCDA9E3-E470-4A23-87DF-AE383D23B5ED}.Release|Any CPU.Build.0 = Release|Any CPU
		{2D5BD1A9-7F57-4F86-BEB0-30311DFFF52A}.Debug|Any CPU.ActiveCfg = Debug
		{2D5BD1A9-7F57-4F86-BEB0-30311DFFF52A}.Release|Any CPU.ActiveCfg = Release
		{B74481A4-7DAE-441C-A6DD-AE0891AA8709}.Debug|Any CPU.ActiveCfg = Debug
		{B74481A4-7DAE-441C-A6DD-AE0891AA8709}.Release|Any CPU.ActiveCfg = Release
	EndGlobalSection
	GlobalSection(SolutionProperties) = preSolution
		HideSolutionNode = FALSE
	EndGlobalSection
	GlobalSection(ExtensibilityGlobals) = postSolution
		SolutionGuid = {5045DE08-D758-4684-9EC5-16960580E328}
	EndGlobalSection
EndGlobal
